
Microsoft Visual Studio Solution File, Format Version 12.00
# Visual Studio 15
VisualStudioVersion = 15.0.27703.2047
MinimumVisualStudioVersion = 10.0.40219.1
Project("{FAE04EC0-301F-11D3-BF4B-00C04F79EFBC}") = "AuxiliaryLibraries.WPF", "AuxiliaryLibraries.WPF\AuxiliaryLibraries.WPF.csproj", "{B9670B59-0192-49E7-84C7-B7776E7339E8}"
EndProject
Project("{FAE04EC0-301F-11D3-BF4B-00C04F79EFBC}") = "TestApp", "TestApp\TestApp.csproj", "{BDCB2D80-97BA-4F79-8993-22228313EB1A}"
EndProject
Project("{9A19103F-16F7-4668-BE54-9A1E7A4F7556}") = "AuxiliaryLibraries", "AuxiliaryLibraries\AuxiliaryLibraries.csproj", "{4B93F3AC-A73E-4271-8C32-4AD009A43B98}"
EndProject
Project("{9A19103F-16F7-4668-BE54-9A1E7A4F7556}") = "AuxiliaryLibraries.GameFormat", "AuxiliaryLibraries.GameFormat\AuxiliaryLibraries.GameFormat.csproj", "{C6BA79F6-0718-46E0-9A2F-FF4A54902D74}"
EndProject
Project("{FAE04EC0-301F-11D3-BF4B-00C04F79EFBC}") = "AuxiliaryLibraries.WPF.Wrapper", "AuxiliaryLibraries.WPF.Wrapper\AuxiliaryLibraries.WPF.Wrapper.csproj", "{0A70017F-E0FA-4266-87DC-7337BA58A234}"
EndProject
Global
	GlobalSection(SolutionConfigurationPlatforms) = preSolution
		Debug|Any CPU = Debug|Any CPU
		Debug|x64 = Debug|x64
		Debug|x86 = Debug|x86
		Release|Any CPU = Release|Any CPU
		Release|x64 = Release|x64
		Release|x86 = Release|x86
	EndGlobalSection
	GlobalSection(ProjectConfigurationPlatforms) = postSolution
		{B9670B59-0192-49E7-84C7-B7776E7339E8}.Debug|Any CPU.ActiveCfg = Debug|Any CPU
		{B9670B59-0192-49E7-84C7-B7776E7339E8}.Debug|Any CPU.Build.0 = Debug|Any CPU
		{B9670B59-0192-49E7-84C7-B7776E7339E8}.Debug|x64.ActiveCfg = Debug|x64
		{B9670B59-0192-49E7-84C7-B7776E7339E8}.Debug|x64.Build.0 = Debug|x64
		{B9670B59-0192-49E7-84C7-B7776E7339E8}.Debug|x86.ActiveCfg = Debug|x86
		{B9670B59-0192-49E7-84C7-B7776E7339E8}.Debug|x86.Build.0 = Debug|x86
		{B9670B59-0192-49E7-84C7-B7776E7339E8}.Release|Any CPU.ActiveCfg = Release|Any CPU
		{B9670B59-0192-49E7-84C7-B7776E7339E8}.Release|Any CPU.Build.0 = Release|Any CPU
		{B9670B59-0192-49E7-84C7-B7776E7339E8}.Release|x64.ActiveCfg = Release|x64
		{B9670B59-0192-49E7-84C7-B7776E7339E8}.Release|x64.Build.0 = Release|x64
		{B9670B59-0192-49E7-84C7-B7776E7339E8}.Release|x86.ActiveCfg = Release|x86
		{B9670B59-0192-49E7-84C7-B7776E7339E8}.Release|x86.Build.0 = Release|x86
		{BDCB2D80-97BA-4F79-8993-22228313EB1A}.Debug|Any CPU.ActiveCfg = Debug|Any CPU
		{BDCB2D80-97BA-4F79-8993-22228313EB1A}.Debug|Any CPU.Build.0 = Debug|Any CPU
		{BDCB2D80-97BA-4F79-8993-22228313EB1A}.Debug|x64.ActiveCfg = Debug|x64
		{BDCB2D80-97BA-4F79-8993-22228313EB1A}.Debug|x64.Build.0 = Debug|x64
		{BDCB2D80-97BA-4F79-8993-22228313EB1A}.Debug|x86.ActiveCfg = Debug|x86
		{BDCB2D80-97BA-4F79-8993-22228313EB1A}.Debug|x86.Build.0 = Debug|x86
		{BDCB2D80-97BA-4F79-8993-22228313EB1A}.Release|Any CPU.ActiveCfg = Release|Any CPU
		{BDCB2D80-97BA-4F79-8993-22228313EB1A}.Release|Any CPU.Build.0 = Release|Any CPU
		{BDCB2D80-97BA-4F79-8993-22228313EB1A}.Release|x64.ActiveCfg = Release|x64
		{BDCB2D80-97BA-4F79-8993-22228313EB1A}.Release|x64.Build.0 = Release|x64
		{BDCB2D80-97BA-4F79-8993-22228313EB1A}.Release|x86.ActiveCfg = Release|x86
		{BDCB2D80-97BA-4F79-8993-22228313EB1A}.Release|x86.Build.0 = Release|x86
		{4B93F3AC-A73E-4271-8C32-4AD009A43B98}.Debug|Any CPU.ActiveCfg = Debug|Any CPU
		{4B93F3AC-A73E-4271-8C32-4AD009A43B98}.Debug|Any CPU.Build.0 = Debug|Any CPU
		{4B93F3AC-A73E-4271-8C32-4AD009A43B98}.Debug|x64.ActiveCfg = Debug|x64
		{4B93F3AC-A73E-4271-8C32-4AD009A43B98}.Debug|x64.Build.0 = Debug|x64
		{4B93F3AC-A73E-4271-8C32-4AD009A43B98}.Debug|x86.ActiveCfg = Debug|x86
		{4B93F3AC-A73E-4271-8C32-4AD009A43B98}.Debug|x86.Build.0 = Debug|x86
		{4B93F3AC-A73E-4271-8C32-4AD009A43B98}.Release|Any CPU.ActiveCfg = Release|Any CPU
		{4B93F3AC-A73E-4271-8C32-4AD009A43B98}.Release|Any CPU.Build.0 = Release|Any CPU
		{4B93F3AC-A73E-4271-8C32-4AD009A43B98}.Release|x64.ActiveCfg = Release|x64
		{4B93F3AC-A73E-4271-8C32-4AD009A43B98}.Release|x64.Build.0 = Release|x64
		{4B93F3AC-A73E-4271-8C32-4AD009A43B98}.Release|x86.ActiveCfg = Release|x86
		{4B93F3AC-A73E-4271-8C32-4AD009A43B98}.Release|x86.Build.0 = Release|x86
		{C6BA79F6-0718-46E0-9A2F-FF4A54902D74}.Debug|Any CPU.ActiveCfg = Debug|Any CPU
		{C6BA79F6-0718-46E0-9A2F-FF4A54902D74}.Debug|Any CPU.Build.0 = Debug|Any CPU
		{C6BA79F6-0718-46E0-9A2F-FF4A54902D74}.Debug|x64.ActiveCfg = Debug|x64
		{C6BA79F6-0718-46E0-9A2F-FF4A54902D74}.Debug|x64.Build.0 = Debug|x64
		{C6BA79F6-0718-46E0-9A2F-FF4A54902D74}.Debug|x86.ActiveCfg = Debug|x86
		{C6BA79F6-0718-46E0-9A2F-FF4A54902D74}.Debug|x86.Build.0 = Debug|x86
		{C6BA79F6-0718-46E0-9A2F-FF4A54902D74}.Release|Any CPU.ActiveCfg = Release|Any CPU
		{C6BA79F6-0718-46E0-9A2F-FF4A54902D74}.Release|Any CPU.Build.0 = Release|Any CPU
		{C6BA79F6-0718-46E0-9A2F-FF4A54902D74}.Release|x64.ActiveCfg = Release|x64
		{C6BA79F6-0718-46E0-9A2F-FF4A54902D74}.Release|x64.Build.0 = Release|x64
		{C6BA79F6-0718-46E0-9A2F-FF4A54902D74}.Release|x86.ActiveCfg = Release|x86
		{C6BA79F6-0718-46E0-9A2F-FF4A54902D74}.Release|x86.Build.0 = Release|x86
		{0A70017F-E0FA-4266-87DC-7337BA58A234}.Debug|Any CPU.ActiveCfg = Debug|Any CPU
		{0A70017F-E0FA-4266-87DC-7337BA58A234}.Debug|Any CPU.Build.0 = Debug|Any CPU
		{0A70017F-E0FA-4266-87DC-7337BA58A234}.Debug|x64.ActiveCfg = Debug|x64
		{0A70017F-E0FA-4266-87DC-7337BA58A234}.Debug|x64.Build.0 = Debug|x64
		{0A70017F-E0FA-4266-87DC-7337BA58A234}.Debug|x86.ActiveCfg = Debug|x86
		{0A70017F-E0FA-4266-87DC-7337BA58A234}.Debug|x86.Build.0 = Debug|x86
		{0A70017F-E0FA-4266-87DC-7337BA58A234}.Release|Any CPU.ActiveCfg = Release|Any CPU
		{0A70017F-E0FA-4266-87DC-7337BA58A234}.Release|Any CPU.Build.0 = Release|Any CPU
		{0A70017F-E0FA-4266-87DC-7337BA58A234}.Release|x64.ActiveCfg = Release|x64
		{0A70017F-E0FA-4266-87DC-7337BA58A234}.Release|x64.Build.0 = Release|x64
		{0A70017F-E0FA-4266-87DC-7337BA58A234}.Release|x86.ActiveCfg = Release|x86
		{0A70017F-E0FA-4266-87DC-7337BA58A234}.Release|x86.Build.0 = Release|x86
	EndGlobalSection
	GlobalSection(SolutionProperties) = preSolution
		HideSolutionNode = FALSE
	EndGlobalSection
	GlobalSection(ExtensibilityGlobals) = postSolution
		SolutionGuid = {03C8D5CF-0765-45D3-8D37-7E1B6C1AFDFF}
	EndGlobalSection
EndGlobal
